
Microsoft Visual Studio Solution File, Format Version 12.00
# Visual Studio Version 16
VisualStudioVersion = 16.0.29709.97
MinimumVisualStudioVersion = 10.0.40219.1
Project("{FAE04EC0-301F-11D3-BF4B-00C04F79EFBC}") = "ParabolaGraphing", "ParabolaGraphing\ParabolaGraphing.csproj", "{9805D198-06A0-4CF3-8651-7F35A08C2547}"
EndProject
Global
	GlobalSection(SolutionConfigurationPlatforms) = preSolution
		Debug|Any CPU = Debug|Any CPU
		Release|Any CPU = Release|Any CPU
	EndGlobalSection
	GlobalSection(ProjectConfigurationPlatforms) = postSolution
		{9805D198-06A0-4CF3-8651-7F35A08C2547}.Debug|Any CPU.ActiveCfg = Debug|Any CPU
		{9805D198-06A0-4CF3-8651-7F35A08C2547}.Debug|Any CPU.Build.0 = Debug|Any CPU
		{9805D198-06A0-4CF3-8651-7F35A08C2547}.Release|Any CPU.ActiveCfg = Release|Any CPU
		{9805D198-06A0-4CF3-8651-7F35A08C2547}.Release|Any CPU.Build.0 = Release|Any CPU
	EndGlobalSection
	GlobalSection(SolutionProperties) = preSolution
		HideSolutionNode = FALSE
	EndGlobalSection
	GlobalSection(ExtensibilityGlobals) = postSolution
		SolutionGuid = {B6C2967C-8B9F-4868-BBEA-82B0288DD157}
	EndGlobalSection
EndGlobal
